
Microsoft Visual Studio Solution File, Format Version 12.00
# Visual Studio Version 17
VisualStudioVersion = 17.4.33213.308
MinimumVisualStudioVersion = 10.0.40219.1
Project("{FAE04EC0-301F-11D3-BF4B-00C04F79EFBC}") = "ConsoleApp2", "ConsoleApp2.csproj", "{E42161EB-AC9D-48FC-9080-9C8256BE2058}"
EndProject
Global
	GlobalSection(SolutionConfigurationPlatforms) = preSolution
		Debug|Any CPU = Debug|Any CPU
		Release|Any CPU = Release|Any CPU
	EndGlobalSection
	GlobalSection(ProjectConfigurationPlatforms) = postSolution
		{E42161EB-AC9D-48FC-9080-9C8256BE2058}.Debug|Any CPU.ActiveCfg = Debug|Any CPU
		{E42161EB-AC9D-48FC-9080-9C8256BE2058}.Debug|Any CPU.Build.0 = Debug|Any CPU
		{E42161EB-AC9D-48FC-9080-9C8256BE2058}.Release|Any CPU.ActiveCfg = Release|Any CPU
		{E42161EB-AC9D-48FC-9080-9C8256BE2058}.Release|Any CPU.Build.0 = Release|Any CPU
	EndGlobalSection
	GlobalSection(SolutionProperties) = preSolution
		HideSolutionNode = FALSE
	EndGlobalSection
	GlobalSection(ExtensibilityGlobals) = postSolution
		SolutionGuid = {335A474A-68CF-4581-9858-D7B181F055A1}
	EndGlobalSection
EndGlobal
